
Microsoft Visual Studio Solution File, Format Version 12.00
# Visual Studio Version 18
VisualStudioVersion = 18.0.11217.181 d18.0
MinimumVisualStudioVersion = 10.0.40219.1
Project("{FAE04EC0-301F-11D3-BF4B-00C04F79EFBC}") = "Api", "Api\Api.csproj", "{7FEE3CAA-C05C-459A-B616-FEDBC1ED0A6E}"
EndProject
Project("{FAE04EC0-301F-11D3-BF4B-00C04F79EFBC}") = "Modules.Base", "Modules.Base\Modules.Base.csproj", "{CA8EE71C-1145-4CB7-A1D1-7232F295A3EA}"
EndProject
Project("{FAE04EC0-301F-11D3-BF4B-00C04F79EFBC}") = "Shared.Data", "Shared.Data\Shared.Data.csproj", "{BD84D0C9-79D1-4DDB-8D84-A3EEC654FA8C}"
EndProject
Project("{FAE04EC0-301F-11D3-BF4B-00C04F79EFBC}") = "Shared.Constant", "Shared.Constant\Shared.Constant.csproj", "{FF4F0BC9-24DD-4068-86D4-93A34F81D221}"
EndProject
Project("{FAE04EC0-301F-11D3-BF4B-00C04F79EFBC}") = "Shared.Abstractions", "Shared.Abstractions\Shared.Abstractions.csproj", "{B4BAA027-9E43-44CF-ACBA-ADE45B4B281D}"
EndProject
Global
	GlobalSection(SolutionConfigurationPlatforms) = preSolution
		Debug|Any CPU = Debug|Any CPU
		Debug|x64 = Debug|x64
		Debug|x86 = Debug|x86
		Release|Any CPU = Release|Any CPU
		Release|x64 = Release|x64
		Release|x86 = Release|x86
	EndGlobalSection
	GlobalSection(ProjectConfigurationPlatforms) = postSolution
		{7FEE3CAA-C05C-459A-B616-FEDBC1ED0A6E}.Debug|Any CPU.ActiveCfg = Debug|Any CPU
		{7FEE3CAA-C05C-459A-B616-FEDBC1ED0A6E}.Debug|Any CPU.Build.0 = Debug|Any CPU
		{7FEE3CAA-C05C-459A-B616-FEDBC1ED0A6E}.Debug|x64.ActiveCfg = Debug|Any CPU
		{7FEE3CAA-C05C-459A-B616-FEDBC1ED0A6E}.Debug|x64.Build.0 = Debug|Any CPU
		{7FEE3CAA-C05C-459A-B616-FEDBC1ED0A6E}.Debug|x86.ActiveCfg = Debug|Any CPU
		{7FEE3CAA-C05C-459A-B616-FEDBC1ED0A6E}.Debug|x86.Build.0 = Debug|Any CPU
		{7FEE3CAA-C05C-459A-B616-FEDBC1ED0A6E}.Release|Any CPU.ActiveCfg = Release|Any CPU
		{7FEE3CAA-C05C-459A-B616-FEDBC1ED0A6E}.Release|Any CPU.Build.0 = Release|Any CPU
		{7FEE3CAA-C05C-459A-B616-FEDBC1ED0A6E}.Release|x64.ActiveCfg = Release|Any CPU
		{7FEE3CAA-C05C-459A-B616-FEDBC1ED0A6E}.Release|x64.Build.0 = Release|Any CPU
		{7FEE3CAA-C05C-459A-B616-FEDBC1ED0A6E}.Release|x86.ActiveCfg = Release|Any CPU
		{7FEE3CAA-C05C-459A-B616-FEDBC1ED0A6E}.Release|x86.Build.0 = Release|Any CPU
		{CA8EE71C-1145-4CB7-A1D1-7232F295A3EA}.Debug|Any CPU.ActiveCfg = Debug|Any CPU
		{CA8EE71C-1145-4CB7-A1D1-7232F295A3EA}.Debug|Any CPU.Build.0 = Debug|Any CPU
		{CA8EE71C-1145-4CB7-A1D1-7232F295A3EA}.Debug|x64.ActiveCfg = Debug|Any CPU
		{CA8EE71C-1145-4CB7-A1D1-7232F295A3EA}.Debug|x64.Build.0 = Debug|Any CPU
		{CA8EE71C-1145-4CB7-A1D1-7232F295A3EA}.Debug|x86.ActiveCfg = Debug|Any CPU
		{CA8EE71C-1145-4CB7-A1D1-7232F295A3EA}.Debug|x86.Build.0 = Debug|Any CPU
		{CA8EE71C-1145-4CB7-A1D1-7232F295A3EA}.Release|Any CPU.ActiveCfg = Release|Any CPU
		{CA8EE71C-1145-4CB7-A1D1-7232F295A3EA}.Release|Any CPU.Build.0 = Release|Any CPU
		{CA8EE71C-1145-4CB7-A1D1-7232F295A3EA}.Release|x64.ActiveCfg = Release|Any CPU
		{CA8EE71C-1145-4CB7-A1D1-7232F295A3EA}.Release|x64.Build.0 = Release|Any CPU
		{CA8EE71C-1145-4CB7-A1D1-7232F295A3EA}.Release|x86.ActiveCfg = Release|Any CPU
		{CA8EE71C-1145-4CB7-A1D1-7232F295A3EA}.Release|x86.Build.0 = Release|Any CPU
		{BD84D0C9-79D1-4DDB-8D84-A3EEC654FA8C}.Debug|Any CPU.ActiveCfg = Debug|Any CPU
		{BD84D0C9-79D1-4DDB-8D84-A3EEC654FA8C}.Debug|Any CPU.Build.0 = Debug|Any CPU
		{BD84D0C9-79D1-4DDB-8D84-A3EEC654FA8C}.Debug|x64.ActiveCfg = Debug|Any CPU
		{BD84D0C9-79D1-4DDB-8D84-A3EEC654FA8C}.Debug|x64.Build.0 = Debug|Any CPU
		{BD84D0C9-79D1-4DDB-8D84-A3EEC654FA8C}.Debug|x86.ActiveCfg = Debug|Any CPU
		{BD84D0C9-79D1-4DDB-8D84-A3EEC654FA8C}.Debug|x86.Build.0 = Debug|Any CPU
		{BD84D0C9-79D1-4DDB-8D84-A3EEC654FA8C}.Release|Any CPU.ActiveCfg = Release|Any CPU
		{BD84D0C9-79D1-4DDB-8D84-A3EEC654FA8C}.Release|Any CPU.Build.0 = Release|Any CPU
		{BD84D0C9-79D1-4DDB-8D84-A3EEC654FA8C}.Release|x64.ActiveCfg = Release|Any CPU
		{BD84D0C9-79D1-4DDB-8D84-A3EEC654FA8C}.Release|x64.Build.0 = Release|Any CPU
		{BD84D0C9-79D1-4DDB-8D84-A3EEC654FA8C}.Release|x86.ActiveCfg = Release|Any CPU
		{BD84D0C9-79D1-4DDB-8D84-A3EEC654FA8C}.Release|x86.Build.0 = Release|Any CPU
		{FF4F0BC9-24DD-4068-86D4-93A34F81D221}.Debug|Any CPU.ActiveCfg = Debug|Any CPU
		{FF4F0BC9-24DD-4068-86D4-93A34F81D221}.Debug|Any CPU.Build.0 = Debug|Any CPU
		{FF4F0BC9-24DD-4068-86D4-93A34F81D221}.Debug|x64.ActiveCfg = Debug|Any CPU
		{FF4F0BC9-24DD-4068-86D4-93A34F81D221}.Debug|x64.Build.0 = Debug|Any CPU
		{FF4F0BC9-24DD-4068-86D4-93A34F81D221}.Debug|x86.ActiveCfg = Debug|Any CPU
		{FF4F0BC9-24DD-4068-86D4-93A34F81D221}.Debug|x86.Build.0 = Debug|Any CPU
		{FF4F0BC9-24DD-4068-86D4-93A34F81D221}.Release|Any CPU.ActiveCfg = Release|Any CPU
		{FF4F0BC9-24DD-4068-86D4-93A34F81D221}.Release|Any CPU.Build.0 = Release|Any CPU
		{FF4F0BC9-24DD-4068-86D4-93A34F81D221}.Release|x64.ActiveCfg = Release|Any CPU
		{FF4F0BC9-24DD-4068-86D4-93A34F81D221}.Release|x64.Build.0 = Release|Any CPU
		{FF4F0BC9-24DD-4068-86D4-93A34F81D221}.Release|x86.ActiveCfg = Release|Any CPU
		{FF4F0BC9-24DD-4068-86D4-93A34F81D221}.Release|x86.Build.0 = Release|Any CPU
		{B4BAA027-9E43-44CF-ACBA-ADE45B4B281D}.Debug|Any CPU.ActiveCfg = Debug|Any CPU
		{B4BAA027-9E43-44CF-ACBA-ADE45B4B281D}.Debug|Any CPU.Build.0 = Debug|Any CPU
		{B4BAA027-9E43-44CF-ACBA-ADE45B4B281D}.Debug|x64.ActiveCfg = Debug|Any CPU
		{B4BAA027-9E43-44CF-ACBA-ADE45B4B281D}.Debug|x64.Build.0 = Debug|Any CPU
		{B4BAA027-9E43-44CF-ACBA-ADE45B4B281D}.Debug|x86.ActiveCfg = Debug|Any CPU
		{B4BAA027-9E43-44CF-ACBA-ADE45B4B281D}.Debug|x86.Build.0 = Debug|Any CPU
		{B4BAA027-9E43-44CF-ACBA-ADE45B4B281D}.Release|Any CPU.ActiveCfg = Release|Any CPU
		{B4BAA027-9E43-44CF-ACBA-ADE45B4B281D}.Release|Any CPU.Build.0 = Release|Any CPU
		{B4BAA027-9E43-44CF-ACBA-ADE45B4B281D}.Release|x64.ActiveCfg = Release|Any CPU
		{B4BAA027-9E43-44CF-ACBA-ADE45B4B281D}.Release|x64.Build.0 = Release|Any CPU
		{B4BAA027-9E43-44CF-ACBA-ADE45B4B281D}.Release|x86.ActiveCfg = Release|Any CPU
		{B4BAA027-9E43-44CF-ACBA-ADE45B4B281D}.Release|x86.Build.0 = Release|Any CPU
	EndGlobalSection
	GlobalSection(SolutionProperties) = preSolution
		HideSolutionNode = FALSE
	EndGlobalSection
	GlobalSection(ExtensibilityGlobals) = postSolution
		SolutionGuid = {1E272CD3-4BFA-4DA0-BE8A-2794F84E8AD1}
	EndGlobalSection
EndGlobal
